{
  "name": "quicktimemetadata",
  "version": "1.0.0",
  "lockfileVersion": 3,
  "requires": true,
  "packages": {
    "": {
      "name": "quicktimemetadata",
      "version": "1.0.0",
      "license": "ISC",
      "dependencies": {
        "exiftool-vendored": "^23.3.0",
        "fluent-ffmpeg": "^2.1.2"
      }
    },
    "node_modules/@photostructure/tz-lookup": {
      "version": "8.0.0",
      "resolved": "https://registry.npmjs.org/@photostructure/tz-lookup/-/tz-lookup-8.0.0.tgz",
      "integrity": "sha512-D5ggPEWSNGEKzKTx6+Gn0NZXHQ4ywgRd2p2h7i/tjEmkv/uJ9SzQd0o7v7FzEAt4bP3dxDoWm43aPfUs9qMOGg=="
    },
    "node_modules/@types/luxon": {
      "version": "3.3.2",
      "resolved": "https://registry.npmjs.org/@types/luxon/-/luxon-3.3.2.tgz",
      "integrity": "sha512-l5cpE57br4BIjK+9BSkFBOsWtwv6J9bJpC7gdXIzZyI0vuKvNTk0wZZrkQxMGsUAuGW9+WMNWF2IJMD7br2yeQ=="
    },
    "node_modules/async": {
      "version": "3.2.4",
      "resolved": "https://registry.npmjs.org/async/-/async-3.2.4.tgz",
      "integrity": "sha512-iAB+JbDEGXhyIUavoDl9WP/Jj106Kz9DEn1DPgYw5ruDn0e3Wgi3sKFm55sASdGBNOQB8F59d9qQ7deqrHA8wQ=="
    },
    "node_modules/batch-cluster": {
      "version": "12.1.0",
      "resolved": "https://registry.npmjs.org/batch-cluster/-/batch-cluster-12.1.0.tgz",
      "integrity": "sha512-whGyJU4tr7kyg2USByu0/51mML5HsLAeNz5s03kMDYZNsQsGgDJgI47RdY3r7MciCjPkTaTD5O4eOVqOfEO7pg==",
      "engines": {
        "node": ">=14"
      }
    },
    "node_modules/exiftool-vendored": {
      "version": "23.3.0",
      "resolved": "https://registry.npmjs.org/exiftool-vendored/-/exiftool-vendored-23.3.0.tgz",
      "integrity": "sha512-sv46mqSf+7tiy04rWKpzPUUO1gg94w0bwXrLXbz8f+gYpOTl9Dg4Qvrrf32ylH/9kuI/VsMMhERB0M3JNlcXHA==",
      "dependencies": {
        "@photostructure/tz-lookup": "^8.0.0",
        "@types/luxon": "^3.3.2",
        "batch-cluster": "^12.1.0",
        "he": "^1.2.0",
        "luxon": "^3.4.3"
      },
      "optionalDependencies": {
        "exiftool-vendored.exe": "12.67.0",
        "exiftool-vendored.pl": "12.67.0"
      }
    },
    "node_modules/exiftool-vendored.exe": {
      "version": "12.67.0",
      "resolved": "https://registry.npmjs.org/exiftool-vendored.exe/-/exiftool-vendored.exe-12.67.0.tgz",
      "integrity": "sha512-wzgMDoL/VWH34l38g22cVUn43mVFtTSVj0HRjfjR46+4fGwpSvSueeYbwLCZ5NvBAVINCS5Rz9Rl2DVmqoIjsw==",
      "optional": true,
      "os": [
        "win32"
      ]
    },
    "node_modules/exiftool-vendored.pl": {
      "version": "12.67.0",
      "resolved": "https://registry.npmjs.org/exiftool-vendored.pl/-/exiftool-vendored.pl-12.67.0.tgz",
      "integrity": "sha512-Jvjkv4Cad+Bnp/4PuLEhO2BSpKy0MBccmq8if/H8V2ykssZrpUh8DRwEJkONnsaNX7dqKfObbOFig3vwoDyXsA==",
      "optional": true,
      "os": [
        "!win32"
      ]
    },
    "node_modules/fluent-ffmpeg": {
      "version": "2.1.2",
      "resolved": "https://registry.npmjs.org/fluent-ffmpeg/-/fluent-ffmpeg-2.1.2.tgz",
      "integrity": "sha512-IZTB4kq5GK0DPp7sGQ0q/BWurGHffRtQQwVkiqDgeO6wYJLLV5ZhgNOQ65loZxxuPMKZKZcICCUnaGtlxBiR0Q==",
      "dependencies": {
        "async": ">=0.2.9",
        "which": "^1.1.1"
      },
      "engines": {
        "node": ">=0.8.0"
      }
    },
    "node_modules/he": {
      "version": "1.2.0",
      "resolved": "https://registry.npmjs.org/he/-/he-1.2.0.tgz",
      "integrity": "sha512-F/1DnUGPopORZi0ni+CvrCgHQ5FyEAHRLSApuYWMmrbSwoN2Mn/7k+Gl38gJnR7yyDZk6WLXwiGod1JOWNDKGw==",
      "bin": {
        "he": "bin/he"
      }
    },
    "node_modules/isexe": {
      "version": "2.0.0",
      "resolved": "https://registry.npmjs.org/isexe/-/isexe-2.0.0.tgz",
      "integrity": "sha512-RHxMLp9lnKHGHRng9QFhRCMbYAcVpn69smSGcq3f36xjgVVWThj4qqLbTLlq7Ssj8B+fIQ1EuCEGI2lKsyQeIw=="
    },
    "node_modules/luxon": {
      "version": "3.4.3",
      "resolved": "https://registry.npmjs.org/luxon/-/luxon-3.4.3.tgz",
      "integrity": "sha512-tFWBiv3h7z+T/tDaoxA8rqTxy1CHV6gHS//QdaH4pulbq/JuBSGgQspQQqcgnwdAx6pNI7cmvz5Sv/addzHmUg==",
      "engines": {
        "node": ">=12"
      }
    },
    "node_modules/which": {
      "version": "1.3.1",
      "resolved": "https://registry.npmjs.org/which/-/which-1.3.1.tgz",
      "integrity": "sha512-HxJdYWq1MTIQbJ3nw0cqssHoTNU267KlrDuGZ1WYlxDStUtKUhOaJmh112/TZmHxxUfuJqPXSOm7tDyas0OSIQ==",
      "dependencies": {
        "isexe": "^2.0.0"
      },
      "bin": {
        "which": "bin/which"
      }
    }
  }
}
